// !$*UTF8*$!
{
	archiveVersion = 1;
	classes = {
	};
	objectVersion = 50;
	objects = {

/* Begin PBXBuildFile section */
		A006002521CA30E100C34DC4 /* CheckBox.swift in Sources */ = {isa = PBXBuildFile; fileRef = A006002421CA30E100C34DC4 /* CheckBox.swift */; };
		A00D798521A6FCCE002715C2 /* DesignableUI.swift in Sources */ = {isa = PBXBuildFile; fileRef = A00D798421A6FCCE002715C2 /* DesignableUI.swift */; };
		A016FD5A211156AA003821AC /* AppDelegate.swift in Sources */ = {isa = PBXBuildFile; fileRef = A016FD59211156AA003821AC /* AppDelegate.swift */; };
		A016FD5C211156AA003821AC /* ViewController.swift in Sources */ = {isa = PBXBuildFile; fileRef = A016FD5B211156AA003821AC /* ViewController.swift */; };
		A016FD5F211156AA003821AC /* Main.storyboard in Resources */ = {isa = PBXBuildFile; fileRef = A016FD5D211156AA003821AC /* Main.storyboard */; };
		A016FD61211156AC003821AC /* Assets.xcassets in Resources */ = {isa = PBXBuildFile; fileRef = A016FD60211156AC003821AC /* Assets.xcassets */; };
		A016FD64211156AC003821AC /* LaunchScreen.storyboard in Resources */ = {isa = PBXBuildFile; fileRef = A016FD62211156AC003821AC /* LaunchScreen.storyboard */; };
		A016FD6C211156E0003821AC /* TableViewController.swift in Sources */ = {isa = PBXBuildFile; fileRef = A016FD6B211156E0003821AC /* TableViewController.swift */; };
		A025763221250B1200DB1D26 /* DesignableUIView.swift in Sources */ = {isa = PBXBuildFile; fileRef = A025763121250B1200DB1D26 /* DesignableUIView.swift */; };
		A02576342125101200DB1D26 /* ImageImage.swift in Sources */ = {isa = PBXBuildFile; fileRef = A02576332125101200DB1D26 /* ImageImage.swift */; };
		A0585E0C2136532D0026A6D4 /* DetailViewController.swift in Sources */ = {isa = PBXBuildFile; fileRef = A0585E0B2136532D0026A6D4 /* DetailViewController.swift */; };
		A07E16CC224489FF00D9C7D7 /* CheckInt.swift in Sources */ = {isa = PBXBuildFile; fileRef = A07E16CB224489FF00D9C7D7 /* CheckInt.swift */; };
/* End PBXBuildFile section */

/* Begin PBXFileReference section */
		A006002421CA30E100C34DC4 /* CheckBox.swift */ = {isa = PBXFileReference; lastKnownFileType = sourcecode.swift; path = CheckBox.swift; sourceTree = "<group>"; };
		A00D798421A6FCCE002715C2 /* DesignableUI.swift */ = {isa = PBXFileReference; lastKnownFileType = sourcecode.swift; path = DesignableUI.swift; sourceTree = "<group>"; };
		A016FD56211156AA003821AC /* TestTest3.app */ = {isa = PBXFileReference; explicitFileType = wrapper.application; includeInIndex = 0; path = TestTest3.app; sourceTree = BUILT_PRODUCTS_DIR; };
		A016FD59211156AA003821AC /* AppDelegate.swift */ = {isa = PBXFileReference; lastKnownFileType = sourcecode.swift; path = AppDelegate.swift; sourceTree = "<group>"; };
		A016FD5B211156AA003821AC /* ViewController.swift */ = {isa = PBXFileReference; lastKnownFileType = sourcecode.swift; path = ViewController.swift; sourceTree = "<group>"; };
		A016FD5E211156AA003821AC /* Base */ = {isa = PBXFileReference; lastKnownFileType = file.storyboard; name = Base; path = Base.lproj/Main.storyboard; sourceTree = "<group>"; };
		A016FD60211156AC003821AC /* Assets.xcassets */ = {isa = PBXFileReference; lastKnownFileType = folder.assetcatalog; path = Assets.xcassets; sourceTree = "<group>"; };
		A016FD63211156AC003821AC /* Base */ = {isa = PBXFileReference; lastKnownFileType = file.storyboard; name = Base; path = Base.lproj/LaunchScreen.storyboard; sourceTree = "<group>"; };
		A016FD65211156AC003821AC /* Info.plist */ = {isa = PBXFileReference; lastKnownFileType = text.plist.xml; path = Info.plist; sourceTree = "<group>"; };
		A016FD6B211156E0003821AC /* TableViewController.swift */ = {isa = PBXFileReference; lastKnownFileType = sourcecode.swift; path = TableViewController.swift; sourceTree = "<group>"; };
		A025763121250B1200DB1D26 /* DesignableUIView.swift */ = {isa = PBXFileReference; lastKnownFileType = sourcecode.swift; path = DesignableUIView.swift; sourceTree = "<group>"; };
		A02576332125101200DB1D26 /* ImageImage.swift */ = {isa = PBXFileReference; lastKnownFileType = sourcecode.swift; path = ImageImage.swift; sourceTree = "<group>"; };
		A0585E0B2136532D0026A6D4 /* DetailViewController.swift */ = {isa = PBXFileReference; lastKnownFileType = sourcecode.swift; path = DetailViewController.swift; sourceTree = "<group>"; };
		A07E16CB224489FF00D9C7D7 /* CheckInt.swift */ = {isa = PBXFileReference; lastKnownFileType = sourcecode.swift; path = CheckInt.swift; sourceTree = "<group>"; };
/* End PBXFileReference section */

/* Begin PBXFrameworksBuildPhase section */
		A016FD53211156AA003821AC /* Frameworks */ = {
			isa = PBXFrameworksBuildPhase;
			buildActionMask = 2147483647;
			files = (
			);
			runOnlyForDeploymentPostprocessing = 0;
		};
/* End PBXFrameworksBuildPhase section */

/* Begin PBXGroup section */
		A016FD4D211156AA003821AC = {
			isa = PBXGroup;
			children = (
				A016FD58211156AA003821AC /* TestTest3 */,
				A016FD57211156AA003821AC /* Products */,
			);
			sourceTree = "<group>";
		};
		A016FD57211156AA003821AC /* Products */ = {
			isa = PBXGroup;
			children = (
				A016FD56211156AA003821AC /* TestTest3.app */,
			);
			name = Products;
			sourceTree = "<group>";
		};
		A016FD58211156AA003821AC /* TestTest3 */ = {
			isa = PBXGroup;
			children = (
				A016FD59211156AA003821AC /* AppDelegate.swift */,
				A016FD5B211156AA003821AC /* ViewController.swift */,
				A016FD6B211156E0003821AC /* TableViewController.swift */,
				A025763121250B1200DB1D26 /* DesignableUIView.swift */,
				A00D798421A6FCCE002715C2 /* DesignableUI.swift */,
				A016FD5D211156AA003821AC /* Main.storyboard */,
				A07E16CB224489FF00D9C7D7 /* CheckInt.swift */,
				A006002421CA30E100C34DC4 /* CheckBox.swift */,
				A0585E0B2136532D0026A6D4 /* DetailViewController.swift */,
				A02576332125101200DB1D26 /* ImageImage.swift */,
				A016FD60211156AC003821AC /* Assets.xcassets */,
				A016FD62211156AC003821AC /* LaunchScreen.storyboard */,
				A016FD65211156AC003821AC /* Info.plist */,
			);
			path = TestTest3;
			sourceTree = "<group>";
		};
/* End PBXGroup section */

/* Begin PBXNativeTarget section */
		A016FD55211156AA003821AC /* TestTest3 */ = {
			isa = PBXNativeTarget;
			buildConfigurationList = A016FD68211156AC003821AC /* Build configuration list for PBXNativeTarget "TestTest3" */;
			buildPhases = (
				A016FD52211156AA003821AC /* Sources */,
				A016FD53211156AA003821AC /* Frameworks */,
				A016FD54211156AA003821AC /* Resources */,
			);
			buildRules = (
			);
			dependencies = (
			);
			name = TestTest3;
			productName = TestTest3;
			productReference = A016FD56211156AA003821AC /* TestTest3.app */;
			productType = "com.apple.product-type.application";
		};
/* End PBXNativeTarget section */

/* Begin PBXProject section */
		A016FD4E211156AA003821AC /* Project object */ = {
			isa = PBXProject;
			attributes = {
				LastSwiftUpdateCheck = 0940;
				LastUpgradeCheck = 0940;
				ORGANIZATIONNAME = "Hiếu Nguyễn";
				TargetAttributes = {
					A016FD55211156AA003821AC = {
						CreatedOnToolsVersion = 9.4.1;
					};
				};
			};
			buildConfigurationList = A016FD51211156AA003821AC /* Build configuration list for PBXProject "TestTest3" */;
			compatibilityVersion = "Xcode 9.3";
			developmentRegion = en;
			hasScannedForEncodings = 0;
			knownRegions = (
				en,
				Base,
			);
			mainGroup = A016FD4D211156AA003821AC;
			productRefGroup = A016FD57211156AA003821AC /* Products */;
			projectDirPath = "";
			projectRoot = "";
			targets = (
				A016FD55211156AA003821AC /* TestTest3 */,
			);
		};
/* End PBXProject section */

/* Begin PBXResourcesBuildPhase section */
		A016FD54211156AA003821AC /* Resources */ = {
			isa = PBXResourcesBuildPhase;
			buildActionMask = 2147483647;
			files = (
				A016FD64211156AC003821AC /* LaunchScreen.storyboard in Resources */,
				A016FD61211156AC003821AC /* Assets.xcassets in Resources */,
				A016FD5F211156AA003821AC /* Main.storyboard in Resources */,
			);
			runOnlyForDeploymentPostprocessing = 0;
		};
/* End PBXResourcesBuildPhase section */

/* Begin PBXSourcesBuildPhase section */
		A016FD52211156AA003821AC /* Sources */ = {
			isa = PBXSourcesBuildPhase;
			buildActionMask = 2147483647;
			files = (
				A025763221250B1200DB1D26 /* DesignableUIView.swift in Sources */,
				A02576342125101200DB1D26 /* ImageImage.swift in Sources */,
				A016FD5C211156AA003821AC /* ViewController.swift in Sources */,
				A006002521CA30E100C34DC4 /* CheckBox.swift in Sources */,
				A0585E0C2136532D0026A6D4 /* DetailViewController.swift in Sources */,
				A016FD6C211156E0003821AC /* TableViewController.swift in Sources */,
				A00D798521A6FCCE002715C2 /* DesignableUI.swift in Sources */,
				A016FD5A211156AA003821AC /* AppDelegate.swift in Sources */,
				A07E16CC224489FF00D9C7D7 /* CheckInt.swift in Sources */,
			);
			runOnlyForDeploymentPostprocessing = 0;
		};
/* End PBXSourcesBuildPhase section */

/* Begin PBXVariantGroup section */
		A016FD5D211156AA003821AC /* Main.storyboard */ = {
			isa = PBXVariantGroup;
			children = (
				A016FD5E211156AA003821AC /* Base */,
			);
			name = Main.storyboard;
			sourceTree = "<group>";
		};
		A016FD62211156AC003821AC /* LaunchScreen.storyboard */ = {
			isa = PBXVariantGroup;
			children = (
				A016FD63211156AC003821AC /* Base */,
			);
			name = LaunchScreen.storyboard;
			sourceTree = "<group>";
		};
/* End PBXVariantGroup section */

/* Begin XCBuildConfiguration section */
		A016FD66211156AC003821AC /* Debug */ = {
			isa = XCBuildConfiguration;
			buildSettings = {
				ALWAYS_SEARCH_USER_PATHS = NO;
				CLANG_ANALYZER_NONNULL = YES;
				CLANG_ANALYZER_NUMBER_OBJECT_CONVERSION = YES_AGGRESSIVE;
				CLANG_CXX_LANGUAGE_STANDARD = "gnu++14";
				CLANG_CXX_LIBRARY = "libc++";
				CLANG_ENABLE_MODULES = YES;
				CLANG_ENABLE_OBJC_ARC = YES;
				CLANG_ENABLE_OBJC_WEAK = YES;
				CLANG_WARN_BLOCK_CAPTURE_AUTORELEASING = YES;
				CLANG_WARN_BOOL_CONVERSION = YES;
				CLANG_WARN_COMMA = YES;
				CLANG_WARN_CONSTANT_CONVERSION = YES;
				CLANG_WARN_DEPRECATED_OBJC_IMPLEMENTATIONS = YES;
				CLANG_WARN_DIRECT_OBJC_ISA_USAGE = YES_ERROR;
				CLANG_WARN_DOCUMENTATION_COMMENTS = YES;
				CLANG_WARN_EMPTY_BODY = YES;
				CLANG_WARN_ENUM_CONVERSION = YES;
				CLANG_WARN_INFINITE_RECURSION = YES;
				CLANG_WARN_INT_CONVERSION = YES;
				CLANG_WARN_NON_LITERAL_NULL_CONVERSION = YES;
				CLANG_WARN_OBJC_IMPLICIT_RETAIN_SELF = YES;
				CLANG_WARN_OBJC_LITERAL_CONVERSION = YES;
				CLANG_WARN_OBJC_ROOT_CLASS = YES_ERROR;
				CLANG_WARN_RANGE_LOOP_ANALYSIS = YES;
				CLANG_WARN_STRICT_PROTOTYPES = YES;
				CLANG_WARN_SUSPICIOUS_MOVE = YES;
				CLANG_WARN_UNGUARDED_AVAILABILITY = YES_AGGRESSIVE;
				CLANG_WARN_UNREACHABLE_CODE = YES;
				CLANG_WARN__DUPLICATE_METHOD_MATCH = YES;
				CODE_SIGN_IDENTITY = "iPhone Developer";
				COPY_PHASE_STRIP = NO;
				DEBUG_INFORMATION_FORMAT = dwarf;
				ENABLE_STRICT_OBJC_MSGSEND = YES;
				ENABLE_TESTABILITY = YES;
				GCC_C_LANGUAGE_STANDARD = gnu11;
				GCC_DYNAMIC_NO_PIC = NO;
				GCC_NO_COMMON_BLOCKS = YES;
				GCC_OPTIMIZATION_LEVEL = 0;
				GCC_PREPROCESSOR_DEFINITIONS = (
					"DEBUG=1",
					"$(inherited)",
				);
				GCC_WARN_64_TO_32_BIT_CONVERSION = YES;
				GCC_WARN_ABOUT_RETURN_TYPE = YES_ERROR;
				GCC_WARN_UNDECLARED_SELECTOR = YES;
				GCC_WARN_UNINITIALIZED_AUTOS = YES_AGGRESSIVE;
				GCC_WARN_UNUSED_FUNCTION = YES;
				GCC_WARN_UNUSED_VARIABLE = YES;
				IPHONEOS_DEPLOYMENT_TARGET = 11.4;
				MTL_ENABLE_DEBUG_INFO = YES;
				ONLY_ACTIVE_ARCH = YES;
				SDKROOT = iphoneos;
				SWIFT_ACTIVE_COMPILATION_CONDITIONS = DEBUG;
				SWIFT_OPTIMIZATION_LEVEL = "-Onone";
			};
			name = Debug;
		};
		A016FD67211156AC003821AC /* Release */ = {
			isa = XCBuildConfiguration;
			buildSettings = {
				ALWAYS_SEARCH_USER_PATHS = NO;
				CLANG_ANALYZER_NONNULL = YES;
				CLANG_ANALYZER_NUMBER_OBJECT_CONVERSION = YES_AGGRESSIVE;
				CLANG_CXX_LANGUAGE_STANDARD = "gnu++14";
				CLANG_CXX_LIBRARY = "libc++";
				CLANG_ENABLE_MODULES = YES;
				CLANG_ENABLE_OBJC_ARC = YES;
				CLANG_ENABLE_OBJC_WEAK = YES;
				CLANG_WARN_BLOCK_CAPTURE_AUTORELEASING = YES;
				CLANG_WARN_BOOL_CONVERSION = YES;
				CLANG_WARN_COMMA = YES;
				CLANG_WARN_CONSTANT_CONVERSION = YES;
				CLANG_WARN_DEPRECATED_OBJC_IMPLEMENTATIONS = YES;
				CLANG_WARN_DIRECT_OBJC_ISA_USAGE = YES_ERROR;
				CLANG_WARN_DOCUMENTATION_COMMENTS = YES;
				CLANG_WARN_EMPTY_BODY = YES;
				CLANG_WARN_ENUM_CONVERSION = YES;
				CLANG_WARN_INFINITE_RECURSION = YES;
				CLANG_WARN_INT_CONVERSION = YES;
				CLANG_WARN_NON_LITERAL_NULL_CONVERSION = YES;
				CLANG_WARN_OBJC_IMPLICIT_RETAIN_SELF = YES;
				CLANG_WARN_OBJC_LITERAL_CONVERSION = YES;
				CLANG_WARN_OBJC_ROOT_CLASS = YES_ERROR;
				CLANG_WARN_RANGE_LOOP_ANALYSIS = YES;
				CLANG_WARN_STRICT_PROTOTYPES = YES;
				CLANG_WARN_SUSPICIOUS_MOVE = YES;
				CLANG_WARN_UNGUARDED_AVAILABILITY = YES_AGGRESSIVE;
				CLANG_WARN_UNREACHABLE_CODE = YES;
				CLANG_WARN__DUPLICATE_METHOD_MATCH = YES;
				CODE_SIGN_IDENTITY = "iPhone Developer";
				COPY_PHASE_STRIP = NO;
				DEBUG_INFORMATION_FORMAT = "dwarf-with-dsym";
				ENABLE_NS_ASSERTIONS = NO;
				ENABLE_STRICT_OBJC_MSGSEND = YES;
				GCC_C_LANGUAGE_STANDARD = gnu11;
				GCC_NO_COMMON_BLOCKS = YES;
				GCC_WARN_64_TO_32_BIT_CONVERSION = YES;
				GCC_WARN_ABOUT_RETURN_TYPE = YES_ERROR;
				GCC_WARN_UNDECLARED_SELECTOR = YES;
				GCC_WARN_UNINITIALIZED_AUTOS = YES_AGGRESSIVE;
				GCC_WARN_UNUSED_FUNCTION = YES;
				GCC_WARN_UNUSED_VARIABLE = YES;
				IPHONEOS_DEPLOYMENT_TARGET = 11.4;
				MTL_ENABLE_DEBUG_INFO = NO;
				SDKROOT = iphoneos;
				SWIFT_COMPILATION_MODE = wholemodule;
				SWIFT_OPTIMIZATION_LEVEL = "-O";
				VALIDATE_PRODUCT = YES;
			};
			name = Release;
		};
		A016FD69211156AC003821AC /* Debug */ = {
			isa = XCBuildConfiguration;
			buildSettings = {
				ASSETCATALOG_COMPILER_APPICON_NAME = AppIcon;
				CODE_SIGN_STYLE = Automatic;
				INFOPLIST_FILE = TestTest3/Info.plist;
				LD_RUNPATH_SEARCH_PATHS = (
					"$(inherited)",
					"@executable_path/Frameworks",
				);
				PRODUCT_BUNDLE_IDENTIFIER = com.hieuNguyen.TestTest3;
				PRODUCT_NAME = "$(TARGET_NAME)";
				SWIFT_VERSION = 4.0;
				TARGETED_DEVICE_FAMILY = "1,2";
			};
			name = Debug;
		};
		A016FD6A211156AC003821AC /* Release */ = {
			isa = XCBuildConfiguration;
			buildSettings = {
				ASSETCATALOG_COMPILER_APPICON_NAME = AppIcon;
				CODE_SIGN_STYLE = Automatic;
				INFOPLIST_FILE = TestTest3/Info.plist;
				LD_RUNPATH_SEARCH_PATHS = (
					"$(inherited)",
					"@executable_path/Frameworks",
				);
				PRODUCT_BUNDLE_IDENTIFIER = com.hieuNguyen.TestTest3;
				PRODUCT_NAME = "$(TARGET_NAME)";
				SWIFT_VERSION = 4.0;
				TARGETED_DEVICE_FAMILY = "1,2";
			};
			name = Release;
		};
/* End XCBuildConfiguration section */

/* Begin XCConfigurationList section */
		A016FD51211156AA003821AC /* Build configuration list for PBXProject "TestTest3" */ = {
			isa = XCConfigurationList;
			buildConfigurations = (
				A016FD66211156AC003821AC /* Debug */,
				A016FD67211156AC003821AC /* Release */,
			);
			defaultConfigurationIsVisible = 0;
			defaultConfigurationName = Release;
		};
		A016FD68211156AC003821AC /* Build configuration list for PBXNativeTarget "TestTest3" */ = {
			isa = XCConfigurationList;
			buildConfigurations = (
				A016FD69211156AC003821AC /* Debug */,
				A016FD6A211156AC003821AC /* Release */,
			);
			defaultConfigurationIsVisible = 0;
			defaultConfigurationName = Release;
		};
/* End XCConfigurationList section */
	};
	rootObject = A016FD4E211156AA003821AC /* Project object */;
}
